
Microsoft Visual Studio Solution File, Format Version 12.00
# Visual Studio Version 17
VisualStudioVersion = 17.11.35312.102
MinimumVisualStudioVersion = 10.0.40219.1
Project("{9A19103F-16F7-4668-BE54-9A1E7A4F7556}") = "WzorceProjektoweLab", "WzorceProjektoweLab.csproj", "{5E09287A-8AA6-4662-A086-7009F16F7F96}"
EndProject
Project("{2150E333-8FDC-42A3-9474-1A3956D46DE8}") = "Zadania", "Zadania", "{6DEB2F4E-2C92-4893-A573-B68FB8C64319}"
EndProject
Project("{9A19103F-16F7-4668-BE54-9A1E7A4F7556}") = "Factory", "..\Zadania\Factory\Factory.csproj", "{33B1DC87-15E5-41CE-A5A9-8780F91765A0}"
EndProject
Project("{9A19103F-16F7-4668-BE54-9A1E7A4F7556}") = "Builder", "..\Zadania\Builder\Builder.csproj", "{F1C112E2-373F-4B6A-9B57-CFC188804E8B}"
EndProject
Project("{9A19103F-16F7-4668-BE54-9A1E7A4F7556}") = "SingletonVault", "..\Zadania\Singleton\SingletonVault.csproj", "{4AD68D54-ECC5-4651-9DC8-5DF82888A99C}"
EndProject
Project("{9A19103F-16F7-4668-BE54-9A1E7A4F7556}") = "CodeSmells", "..\Zadania\CodeSmells\CodeSmells.csproj", "{2B86A4D7-3976-44AB-B2A2-98B13BC48C4A}"
EndProject
Project("{9A19103F-16F7-4668-BE54-9A1E7A4F7556}") = "Prototype", "..\Zadania\Prototype\Prototype.csproj", "{DFC6EF08-C337-4973-8828-9C144B48EA4F}"
EndProject
Project("{9A19103F-16F7-4668-BE54-9A1E7A4F7556}") = "Facade", "..\Zadania\Facade\Facade.csproj", "{1587FBFE-040E-4BC2-B67E-4BD55ACCE586}"
EndProject
Project("{FAE04EC0-301F-11D3-BF4B-00C04F79EFBC}") = "Proxy", "..\Zadania\Proxy\Proxy.csproj", "{E2701EAB-D116-43BA-8F64-82C69EE4B0D6}"
EndProject
Project("{FAE04EC0-301F-11D3-BF4B-00C04F79EFBC}") = "Adapter", "..\Zadania\Adapter\Adapter.csproj", "{478F8A63-1DFF-45F2-A610-E14711CF67C5}"
EndProject
Project("{FAE04EC0-301F-11D3-BF4B-00C04F79EFBC}") = "Bridge", "..\Zadania\Bridge\Bridge.csproj", "{028035A2-A221-4C08-AC61-2F711220B3AA}"
EndProject
Global
	GlobalSection(SolutionConfigurationPlatforms) = preSolution
		Debug|Any CPU = Debug|Any CPU
		Release|Any CPU = Release|Any CPU
	EndGlobalSection
	GlobalSection(ProjectConfigurationPlatforms) = postSolution
		{5E09287A-8AA6-4662-A086-7009F16F7F96}.Debug|Any CPU.ActiveCfg = Debug|Any CPU
		{5E09287A-8AA6-4662-A086-7009F16F7F96}.Debug|Any CPU.Build.0 = Debug|Any CPU
		{5E09287A-8AA6-4662-A086-7009F16F7F96}.Release|Any CPU.ActiveCfg = Release|Any CPU
		{5E09287A-8AA6-4662-A086-7009F16F7F96}.Release|Any CPU.Build.0 = Release|Any CPU
		{33B1DC87-15E5-41CE-A5A9-8780F91765A0}.Debug|Any CPU.ActiveCfg = Debug|Any CPU
		{33B1DC87-15E5-41CE-A5A9-8780F91765A0}.Debug|Any CPU.Build.0 = Debug|Any CPU
		{33B1DC87-15E5-41CE-A5A9-8780F91765A0}.Release|Any CPU.ActiveCfg = Release|Any CPU
		{33B1DC87-15E5-41CE-A5A9-8780F91765A0}.Release|Any CPU.Build.0 = Release|Any CPU
		{F1C112E2-373F-4B6A-9B57-CFC188804E8B}.Debug|Any CPU.ActiveCfg = Debug|Any CPU
		{F1C112E2-373F-4B6A-9B57-CFC188804E8B}.Debug|Any CPU.Build.0 = Debug|Any CPU
		{F1C112E2-373F-4B6A-9B57-CFC188804E8B}.Release|Any CPU.ActiveCfg = Release|Any CPU
		{F1C112E2-373F-4B6A-9B57-CFC188804E8B}.Release|Any CPU.Build.0 = Release|Any CPU
		{4AD68D54-ECC5-4651-9DC8-5DF82888A99C}.Debug|Any CPU.ActiveCfg = Debug|Any CPU
		{4AD68D54-ECC5-4651-9DC8-5DF82888A99C}.Debug|Any CPU.Build.0 = Debug|Any CPU
		{4AD68D54-ECC5-4651-9DC8-5DF82888A99C}.Release|Any CPU.ActiveCfg = Release|Any CPU
		{4AD68D54-ECC5-4651-9DC8-5DF82888A99C}.Release|Any CPU.Build.0 = Release|Any CPU
		{2B86A4D7-3976-44AB-B2A2-98B13BC48C4A}.Debug|Any CPU.ActiveCfg = Debug|Any CPU
		{2B86A4D7-3976-44AB-B2A2-98B13BC48C4A}.Debug|Any CPU.Build.0 = Debug|Any CPU
		{2B86A4D7-3976-44AB-B2A2-98B13BC48C4A}.Release|Any CPU.ActiveCfg = Release|Any CPU
		{2B86A4D7-3976-44AB-B2A2-98B13BC48C4A}.Release|Any CPU.Build.0 = Release|Any CPU
		{DFC6EF08-C337-4973-8828-9C144B48EA4F}.Debug|Any CPU.ActiveCfg = Debug|Any CPU
		{DFC6EF08-C337-4973-8828-9C144B48EA4F}.Debug|Any CPU.Build.0 = Debug|Any CPU
		{DFC6EF08-C337-4973-8828-9C144B48EA4F}.Release|Any CPU.ActiveCfg = Release|Any CPU
		{DFC6EF08-C337-4973-8828-9C144B48EA4F}.Release|Any CPU.Build.0 = Release|Any CPU
		{1587FBFE-040E-4BC2-B67E-4BD55ACCE586}.Debug|Any CPU.ActiveCfg = Debug|Any CPU
		{1587FBFE-040E-4BC2-B67E-4BD55ACCE586}.Debug|Any CPU.Build.0 = Debug|Any CPU
		{1587FBFE-040E-4BC2-B67E-4BD55ACCE586}.Release|Any CPU.ActiveCfg = Release|Any CPU
		{1587FBFE-040E-4BC2-B67E-4BD55ACCE586}.Release|Any CPU.Build.0 = Release|Any CPU
		{E2701EAB-D116-43BA-8F64-82C69EE4B0D6}.Debug|Any CPU.ActiveCfg = Debug|Any CPU
		{E2701EAB-D116-43BA-8F64-82C69EE4B0D6}.Debug|Any CPU.Build.0 = Debug|Any CPU
		{E2701EAB-D116-43BA-8F64-82C69EE4B0D6}.Release|Any CPU.ActiveCfg = Release|Any CPU
		{E2701EAB-D116-43BA-8F64-82C69EE4B0D6}.Release|Any CPU.Build.0 = Release|Any CPU
		{478F8A63-1DFF-45F2-A610-E14711CF67C5}.Debug|Any CPU.ActiveCfg = Debug|Any CPU
		{478F8A63-1DFF-45F2-A610-E14711CF67C5}.Debug|Any CPU.Build.0 = Debug|Any CPU
		{478F8A63-1DFF-45F2-A610-E14711CF67C5}.Release|Any CPU.ActiveCfg = Release|Any CPU
		{478F8A63-1DFF-45F2-A610-E14711CF67C5}.Release|Any CPU.Build.0 = Release|Any CPU
		{028035A2-A221-4C08-AC61-2F711220B3AA}.Debug|Any CPU.ActiveCfg = Debug|Any CPU
		{028035A2-A221-4C08-AC61-2F711220B3AA}.Debug|Any CPU.Build.0 = Debug|Any CPU
		{028035A2-A221-4C08-AC61-2F711220B3AA}.Release|Any CPU.ActiveCfg = Release|Any CPU
		{028035A2-A221-4C08-AC61-2F711220B3AA}.Release|Any CPU.Build.0 = Release|Any CPU
	EndGlobalSection
	GlobalSection(SolutionProperties) = preSolution
		HideSolutionNode = FALSE
	EndGlobalSection
	GlobalSection(NestedProjects) = preSolution
		{33B1DC87-15E5-41CE-A5A9-8780F91765A0} = {6DEB2F4E-2C92-4893-A573-B68FB8C64319}
		{F1C112E2-373F-4B6A-9B57-CFC188804E8B} = {6DEB2F4E-2C92-4893-A573-B68FB8C64319}
		{4AD68D54-ECC5-4651-9DC8-5DF82888A99C} = {6DEB2F4E-2C92-4893-A573-B68FB8C64319}
		{2B86A4D7-3976-44AB-B2A2-98B13BC48C4A} = {6DEB2F4E-2C92-4893-A573-B68FB8C64319}
		{DFC6EF08-C337-4973-8828-9C144B48EA4F} = {6DEB2F4E-2C92-4893-A573-B68FB8C64319}
		{1587FBFE-040E-4BC2-B67E-4BD55ACCE586} = {6DEB2F4E-2C92-4893-A573-B68FB8C64319}
		{E2701EAB-D116-43BA-8F64-82C69EE4B0D6} = {6DEB2F4E-2C92-4893-A573-B68FB8C64319}
		{478F8A63-1DFF-45F2-A610-E14711CF67C5} = {6DEB2F4E-2C92-4893-A573-B68FB8C64319}
		{028035A2-A221-4C08-AC61-2F711220B3AA} = {6DEB2F4E-2C92-4893-A573-B68FB8C64319}
	EndGlobalSection
	GlobalSection(ExtensibilityGlobals) = postSolution
		SolutionGuid = {6A9797FE-4DDC-4A83-A149-37104ECC492B}
	EndGlobalSection
EndGlobal
